# Code generated by scarb DO NOT EDIT.
version = 1

[[package]]
name = "atomiq_contracts"
version = "0.1.0"
dependencies = [
 "btc_nonced_output_claim_handler",
 "btc_output_claim_handler",
 "btc_relay",
 "btc_txid_claim_handler",
 "btc_utils",
 "common",
 "erc20_utils",
 "escrow_manager",
 "hashlock_claim_handler",
 "snforge_std",
 "timelock_refund_handler",
]

[[package]]
name = "btc_nonced_output_claim_handler"
version = "0.1.0"
dependencies = [
 "btc_relay",
 "btc_utils",
 "common",
 "snforge_std",
]

[[package]]
name = "btc_output_claim_handler"
version = "0.1.0"
dependencies = [
 "btc_relay",
 "btc_utils",
 "common",
 "snforge_std",
]

[[package]]
name = "btc_relay"
version = "0.1.0"
dependencies = [
 "snforge_std",
]

[[package]]
name = "btc_txid_claim_handler"
version = "0.1.0"
dependencies = [
 "btc_relay",
 "btc_utils",
 "common",
 "snforge_std",
]

[[package]]
name = "btc_utils"
version = "0.1.0"
dependencies = [
 "snforge_std",
]

[[package]]
name = "common"
version = "0.1.0"
dependencies = [
 "snforge_std",
]

[[package]]
name = "erc20_utils"
version = "0.1.0"
dependencies = [
 "openzeppelin_token",
 "snforge_std",
]

[[package]]
name = "escrow_manager"
version = "0.1.0"
dependencies = [
 "common",
 "erc20_utils",
 "openzeppelin_access",
 "openzeppelin_account",
 "openzeppelin_introspection",
 "openzeppelin_token",
 "openzeppelin_utils",
 "snforge_std",
]

[[package]]
name = "hashlock_claim_handler"
version = "0.1.0"
dependencies = [
 "common",
 "snforge_std",
]

[[package]]
name = "openzeppelin_access"
version = "1.0.0"
source = "registry+https://scarbs.xyz/"
checksum = "sha256:a39a4ea1582916c637bf7e3aee0832c3fe1ea3a3e39191955e8dc39d08327f9b"
dependencies = [
 "openzeppelin_introspection",
 "openzeppelin_utils",
]

[[package]]
name = "openzeppelin_account"
version = "1.0.0"
source = "registry+https://scarbs.xyz/"
checksum = "sha256:7e943a2de32ddca4d48e467e52790e380ab1f49c4daddbbbc4634dd930d0243f"
dependencies = [
 "openzeppelin_introspection",
 "openzeppelin_utils",
]

[[package]]
name = "openzeppelin_introspection"
version = "1.0.0"
source = "registry+https://scarbs.xyz/"
checksum = "sha256:34e088ecf19e0b3012481a29f1fbb20e600540cb9a5db1c3002a97ebb7f5a32a"

[[package]]
name = "openzeppelin_token"
version = "1.0.0"
source = "registry+https://scarbs.xyz/"
checksum = "sha256:33fcb84a1a76d2d3fff9302094ff564f78d45b743548fd7568c130b272473f66"
dependencies = [
 "openzeppelin_access",
 "openzeppelin_account",
 "openzeppelin_introspection",
 "openzeppelin_utils",
]

[[package]]
name = "openzeppelin_utils"
version = "1.0.0"
source = "registry+https://scarbs.xyz/"
checksum = "sha256:fd348b31c4a4407add33adc3c2b8f26dca71dbd7431faaf726168f37a91db0c1"

[[package]]
name = "snforge_scarb_plugin"
version = "0.38.0"
source = "registry+https://scarbs.xyz/"
checksum = "sha256:c4d128eedb5fca4362be38a84e5f5a85bd94ec1557bab7c045d48de0163e406c"

[[package]]
name = "snforge_std"
version = "0.38.0"
source = "registry+https://scarbs.xyz/"
checksum = "sha256:8b3eaff778105c313b78708974c253cd927ecf5c896f4557a0ea4f10f427b554"
dependencies = [
 "snforge_scarb_plugin",
]

[[package]]
name = "timelock_refund_handler"
version = "0.1.0"
dependencies = [
 "common",
 "snforge_std",
]
